
Microsoft Visual Studio Solution File, Format Version 12.00
# Visual Studio Version 16
VisualStudioVersion = 16.0.28803.452
MinimumVisualStudioVersion = 10.0.40219.1
Project("{FAE04EC0-301F-11D3-BF4B-00C04F79EFBC}") = "scheduler", "scheduler\scheduler.csproj", "{A46BBF1E-2151-4F2A-B8DA-1D013A3EC250}"
EndProject
Global
	GlobalSection(SolutionConfigurationPlatforms) = preSolution
		Debug|Any CPU = Debug|Any CPU
		Release|Any CPU = Release|Any CPU
	EndGlobalSection
	GlobalSection(ProjectConfigurationPlatforms) = postSolution
		{A46BBF1E-2151-4F2A-B8DA-1D013A3EC250}.Debug|Any CPU.ActiveCfg = Debug|Any CPU
		{A46BBF1E-2151-4F2A-B8DA-1D013A3EC250}.Debug|Any CPU.Build.0 = Debug|Any CPU
		{A46BBF1E-2151-4F2A-B8DA-1D013A3EC250}.Release|Any CPU.ActiveCfg = Release|Any CPU
		{A46BBF1E-2151-4F2A-B8DA-1D013A3EC250}.Release|Any CPU.Build.0 = Release|Any CPU
	EndGlobalSection
	GlobalSection(SolutionProperties) = preSolution
		HideSolutionNode = FALSE
	EndGlobalSection
	GlobalSection(ExtensibilityGlobals) = postSolution
		SolutionGuid = {DDFB2E06-992E-453A-B165-8D21742FBF09}
	EndGlobalSection
EndGlobal
